
Microsoft Visual Studio Solution File, Format Version 12.00
# Visual Studio Version 17
VisualStudioVersion = 17.0.31903.59
MinimumVisualStudioVersion = 10.0.40219.1
Project("{FAE04EC0-301F-11D3-BF4B-00C04F79EFBC}") = "AsposeMcpServer", "AsposeMcpServer.csproj", "{EC9E2069-ACFE-41B7-8E7F-29DDF4141161}"
EndProject
Project("{2150E333-8FDC-42A3-9474-1A3956D46DE8}") = "Tests", "Tests", "{0AB3BF05-4346-4AA6-1389-037BE0695223}"
EndProject
Project("{FAE04EC0-301F-11D3-BF4B-00C04F79EFBC}") = "AsposeMcpServer.Tests", "Tests\AsposeMcpServer.Tests.csproj", "{EBC24E30-C5F3-4046-A8E4-4619D20936E5}"
EndProject
Global
	GlobalSection(SolutionConfigurationPlatforms) = preSolution
		Debug|Any CPU = Debug|Any CPU
		Debug|x64 = Debug|x64
		Debug|x86 = Debug|x86
		Release|Any CPU = Release|Any CPU
		Release|x64 = Release|x64
		Release|x86 = Release|x86
	EndGlobalSection
	GlobalSection(ProjectConfigurationPlatforms) = postSolution
		{EC9E2069-ACFE-41B7-8E7F-29DDF4141161}.Debug|Any CPU.ActiveCfg = Debug|Any CPU
		{EC9E2069-ACFE-41B7-8E7F-29DDF4141161}.Debug|Any CPU.Build.0 = Debug|Any CPU
		{EC9E2069-ACFE-41B7-8E7F-29DDF4141161}.Debug|x64.ActiveCfg = Debug|Any CPU
		{EC9E2069-ACFE-41B7-8E7F-29DDF4141161}.Debug|x64.Build.0 = Debug|Any CPU
		{EC9E2069-ACFE-41B7-8E7F-29DDF4141161}.Debug|x86.ActiveCfg = Debug|Any CPU
		{EC9E2069-ACFE-41B7-8E7F-29DDF4141161}.Debug|x86.Build.0 = Debug|Any CPU
		{EC9E2069-ACFE-41B7-8E7F-29DDF4141161}.Release|Any CPU.ActiveCfg = Release|Any CPU
		{EC9E2069-ACFE-41B7-8E7F-29DDF4141161}.Release|Any CPU.Build.0 = Release|Any CPU
		{EC9E2069-ACFE-41B7-8E7F-29DDF4141161}.Release|x64.ActiveCfg = Release|Any CPU
		{EC9E2069-ACFE-41B7-8E7F-29DDF4141161}.Release|x64.Build.0 = Release|Any CPU
		{EC9E2069-ACFE-41B7-8E7F-29DDF4141161}.Release|x86.ActiveCfg = Release|Any CPU
		{EC9E2069-ACFE-41B7-8E7F-29DDF4141161}.Release|x86.Build.0 = Release|Any CPU
		{EBC24E30-C5F3-4046-A8E4-4619D20936E5}.Debug|Any CPU.ActiveCfg = Debug|Any CPU
		{EBC24E30-C5F3-4046-A8E4-4619D20936E5}.Debug|Any CPU.Build.0 = Debug|Any CPU
		{EBC24E30-C5F3-4046-A8E4-4619D20936E5}.Debug|x64.ActiveCfg = Debug|Any CPU
		{EBC24E30-C5F3-4046-A8E4-4619D20936E5}.Debug|x64.Build.0 = Debug|Any CPU
		{EBC24E30-C5F3-4046-A8E4-4619D20936E5}.Debug|x86.ActiveCfg = Debug|Any CPU
		{EBC24E30-C5F3-4046-A8E4-4619D20936E5}.Debug|x86.Build.0 = Debug|Any CPU
		{EBC24E30-C5F3-4046-A8E4-4619D20936E5}.Release|Any CPU.ActiveCfg = Release|Any CPU
		{EBC24E30-C5F3-4046-A8E4-4619D20936E5}.Release|Any CPU.Build.0 = Release|Any CPU
		{EBC24E30-C5F3-4046-A8E4-4619D20936E5}.Release|x64.ActiveCfg = Release|Any CPU
		{EBC24E30-C5F3-4046-A8E4-4619D20936E5}.Release|x64.Build.0 = Release|Any CPU
		{EBC24E30-C5F3-4046-A8E4-4619D20936E5}.Release|x86.ActiveCfg = Release|Any CPU
		{EBC24E30-C5F3-4046-A8E4-4619D20936E5}.Release|x86.Build.0 = Release|Any CPU
	EndGlobalSection
	GlobalSection(SolutionProperties) = preSolution
		HideSolutionNode = FALSE
	EndGlobalSection
	GlobalSection(NestedProjects) = preSolution
		{EBC24E30-C5F3-4046-A8E4-4619D20936E5} = {0AB3BF05-4346-4AA6-1389-037BE0695223}
	EndGlobalSection
EndGlobal
